
Microsoft Visual Studio Solution File, Format Version 12.00
# Visual Studio Version 16
VisualStudioVersion = 16.0.30907.101
MinimumVisualStudioVersion = 10.0.40219.1
Project("{9A19103F-16F7-4668-BE54-9A1E7A4F7556}") = "TensorDotNetProject", "TensorDotNetProject.csproj", "{4682D1AD-A8B4-44CC-B097-DCB1FE013731}"
EndProject
Global
	GlobalSection(SolutionConfigurationPlatforms) = preSolution
		Debug|Any CPU = Debug|Any CPU
		Debug|x64 = Debug|x64
		Release|Any CPU = Release|Any CPU
		Release|x64 = Release|x64
	EndGlobalSection
	GlobalSection(ProjectConfigurationPlatforms) = postSolution
		{4682D1AD-A8B4-44CC-B097-DCB1FE013731}.Debug|Any CPU.ActiveCfg = Debug|Any CPU
		{4682D1AD-A8B4-44CC-B097-DCB1FE013731}.Debug|Any CPU.Build.0 = Debug|Any CPU
		{4682D1AD-A8B4-44CC-B097-DCB1FE013731}.Debug|x64.ActiveCfg = Debug|x64
		{4682D1AD-A8B4-44CC-B097-DCB1FE013731}.Debug|x64.Build.0 = Debug|x64
		{4682D1AD-A8B4-44CC-B097-DCB1FE013731}.Release|Any CPU.ActiveCfg = Release|Any CPU
		{4682D1AD-A8B4-44CC-B097-DCB1FE013731}.Release|Any CPU.Build.0 = Release|Any CPU
		{4682D1AD-A8B4-44CC-B097-DCB1FE013731}.Release|x64.ActiveCfg = Debug|x64
		{4682D1AD-A8B4-44CC-B097-DCB1FE013731}.Release|x64.Build.0 = Debug|x64
	EndGlobalSection
	GlobalSection(SolutionProperties) = preSolution
		HideSolutionNode = FALSE
	EndGlobalSection
	GlobalSection(ExtensibilityGlobals) = postSolution
		SolutionGuid = {3C1BDE59-45BA-45A0-99DA-4AAA852E68B4}
	EndGlobalSection
EndGlobal
